
Microsoft Visual Studio Solution File, Format Version 12.00
# Visual Studio Version 16
VisualStudioVersion = 16.0.31702.278
MinimumVisualStudioVersion = 10.0.40219.1
Project("{9A19103F-16F7-4668-BE54-9A1E7A4F7556}") = "Lab2_(1-6(1-2Ind(6 Var)))", "Lab2_(1-6)\Lab2_(1-6(1-2Ind(6 Var))).csproj", "{CAE19ED1-125C-46CB-86FE-6279FCD40360}"
EndProject
Global
	GlobalSection(SolutionConfigurationPlatforms) = preSolution
		Debug|Any CPU = Debug|Any CPU
		Release|Any CPU = Release|Any CPU
	EndGlobalSection
	GlobalSection(ProjectConfigurationPlatforms) = postSolution
		{CAE19ED1-125C-46CB-86FE-6279FCD40360}.Debug|Any CPU.ActiveCfg = Debug|Any CPU
		{CAE19ED1-125C-46CB-86FE-6279FCD40360}.Debug|Any CPU.Build.0 = Debug|Any CPU
		{CAE19ED1-125C-46CB-86FE-6279FCD40360}.Release|Any CPU.ActiveCfg = Release|Any CPU
		{CAE19ED1-125C-46CB-86FE-6279FCD40360}.Release|Any CPU.Build.0 = Release|Any CPU
	EndGlobalSection
	GlobalSection(SolutionProperties) = preSolution
		HideSolutionNode = FALSE
	EndGlobalSection
	GlobalSection(ExtensibilityGlobals) = postSolution
		SolutionGuid = {23496528-8A98-4997-A4ED-11B84411C010}
	EndGlobalSection
EndGlobal
